// !$*UTF8*$!
{
	archiveVersion = 1;
	classes = {
	};
	objectVersion = 46;
	objects = {

/* Begin PBXBuildFile section */
		4D0D03481D77F5E4009712F2 /* main.m in Sources */ = {isa = PBXBuildFile; fileRef = 4D0D03471D77F5E4009712F2 /* main.m */; };
		4D0D03531D77F5E4009712F2 /* Assets.xcassets in Resources */ = {isa = PBXBuildFile; fileRef = 4D0D03521D77F5E4009712F2 /* Assets.xcassets */; };
		4D0D03611D77F5E6009712F2 /* BaiSiFunnyTests.m in Sources */ = {isa = PBXBuildFile; fileRef = 4D0D03601D77F5E6009712F2 /* BaiSiFunnyTests.m */; };
		4D0D036C1D77F5E6009712F2 /* BaiSiFunnyUITests.m in Sources */ = {isa = PBXBuildFile; fileRef = 4D0D036B1D77F5E6009712F2 /* BaiSiFunnyUITests.m */; };
		4D0D039C1D78142C009712F2 /* LJEssenceViewController.m in Sources */ = {isa = PBXBuildFile; fileRef = 4D0D039B1D78142C009712F2 /* LJEssenceViewController.m */; };
		4D0D039F1D781450009712F2 /* LJFriendTrendsViewController.m in Sources */ = {isa = PBXBuildFile; fileRef = 4D0D039E1D781450009712F2 /* LJFriendTrendsViewController.m */; };
		4D0D03A21D781477009712F2 /* LJMeViewController.m in Sources */ = {isa = PBXBuildFile; fileRef = 4D0D03A11D781477009712F2 /* LJMeViewController.m */; };
		4D0D03A51D781487009712F2 /* LJNewViewController.m in Sources */ = {isa = PBXBuildFile; fileRef = 4D0D03A41D781487009712F2 /* LJNewViewController.m */; };
		4D0D03AC1D781D59009712F2 /* LJMainTabBarController.m in Sources */ = {isa = PBXBuildFile; fileRef = 4D0D03A91D781D59009712F2 /* LJMainTabBarController.m */; };
		4D0D03AF1D781DC3009712F2 /* LJTabBar.m in Sources */ = {isa = PBXBuildFile; fileRef = 4D0D03AE1D781DC3009712F2 /* LJTabBar.m */; };
		4D50558B1D7D1FA0005CFEE1 /* LJNetworkTools.m in Sources */ = {isa = PBXBuildFile; fileRef = 4D50558A1D7D1FA0005CFEE1 /* LJNetworkTools.m */; };
		4D50558E1D7D4538005CFEE1 /* LJRecommendViewController.m in Sources */ = {isa = PBXBuildFile; fileRef = 4D50558D1D7D4538005CFEE1 /* LJRecommendViewController.m */; };
		4D5055911D7D5029005CFEE1 /* LJRecommendCategory.m in Sources */ = {isa = PBXBuildFile; fileRef = 4D5055901D7D5029005CFEE1 /* LJRecommendCategory.m */; };
		4D5055931D7D5848005CFEE1 /* Foundation+Log.m in Sources */ = {isa = PBXBuildFile; fileRef = 4D5055921D7D5848005CFEE1 /* Foundation+Log.m */; };
		4D5055971D7D598B005CFEE1 /* LJRecommendCategoryCell.m in Sources */ = {isa = PBXBuildFile; fileRef = 4D5055961D7D598B005CFEE1 /* LJRecommendCategoryCell.m */; };
		4D5055A31D7D7415005CFEE1 /* LJRecmmendUser.m in Sources */ = {isa = PBXBuildFile; fileRef = 4D5055A21D7D7415005CFEE1 /* LJRecmmendUser.m */; };
		4DC8062B1D7915EE006EB105 /* AppDelegate.m in Sources */ = {isa = PBXBuildFile; fileRef = 4DC806251D7915EE006EB105 /* AppDelegate.m */; };
		4DC8062C1D7915EE006EB105 /* UIBarButtonItem+Extends.m in Sources */ = {isa = PBXBuildFile; fileRef = 4DC806281D7915EE006EB105 /* UIBarButtonItem+Extends.m */; };
		4DC8062D1D7915EE006EB105 /* UIView+Extends.m in Sources */ = {isa = PBXBuildFile; fileRef = 4DC8062A1D7915EE006EB105 /* UIView+Extends.m */; };
		4DC806301D791F10006EB105 /* LJMainNavigationController.m in Sources */ = {isa = PBXBuildFile; fileRef = 4DC8062F1D791F10006EB105 /* LJMainNavigationController.m */; };
		4DC806331D792635006EB105 /* LJTestViewController.m in Sources */ = {isa = PBXBuildFile; fileRef = 4DC806321D792635006EB105 /* LJTestViewController.m */; };
		4DC806461D7978BE006EB105 /* LJNotLoginView.m in Sources */ = {isa = PBXBuildFile; fileRef = 4DC806451D7978BE006EB105 /* LJNotLoginView.m */; };
		5EBA8F5124D13B252DB24F12 /* libPods-BaiSiFunny.a in Frameworks */ = {isa = PBXBuildFile; fileRef = 3D8384D65F4BE57567020762 /* libPods-BaiSiFunny.a */; };
/* End PBXBuildFile section */

/* Begin PBXContainerItemProxy section */
		4D0D035D1D77F5E6009712F2 /* PBXContainerItemProxy */ = {
			isa = PBXContainerItemProxy;
			containerPortal = 4D0D033B1D77F5E4009712F2 /* Project object */;
			proxyType = 1;
			remoteGlobalIDString = 4D0D03421D77F5E4009712F2;
			remoteInfo = BaiSiFunny;
		};
		4D0D03681D77F5E6009712F2 /* PBXContainerItemProxy */ = {
			isa = PBXContainerItemProxy;
			containerPortal = 4D0D033B1D77F5E4009712F2 /* Project object */;
			proxyType = 1;
			remoteGlobalIDString = 4D0D03421D77F5E4009712F2;
			remoteInfo = BaiSiFunny;
		};
/* End PBXContainerItemProxy section */

/* Begin PBXFileReference section */
		3D8384D65F4BE57567020762 /* libPods-BaiSiFunny.a */ = {isa = PBXFileReference; explicitFileType = archive.ar; includeInIndex = 0; path = "libPods-BaiSiFunny.a"; sourceTree = BUILT_PRODUCTS_DIR; };
		4D0D03431D77F5E4009712F2 /* BaiSiFunny.app */ = {isa = PBXFileReference; explicitFileType = wrapper.application; includeInIndex = 0; path = BaiSiFunny.app; sourceTree = BUILT_PRODUCTS_DIR; };
		4D0D03471D77F5E4009712F2 /* main.m */ = {isa = PBXFileReference; lastKnownFileType = sourcecode.c.objc; path = main.m; sourceTree = "<group>"; };
		4D0D03521D77F5E4009712F2 /* Assets.xcassets */ = {isa = PBXFileReference; lastKnownFileType = folder.assetcatalog; path = Assets.xcassets; sourceTree = "<group>"; };
		4D0D03571D77F5E4009712F2 /* Info.plist */ = {isa = PBXFileReference; lastKnownFileType = text.plist.xml; path = Info.plist; sourceTree = "<group>"; };
		4D0D035C1D77F5E6009712F2 /* BaiSiFunnyTests.xctest */ = {isa = PBXFileReference; explicitFileType = wrapper.cfbundle; includeInIndex = 0; path = BaiSiFunnyTests.xctest; sourceTree = BUILT_PRODUCTS_DIR; };
		4D0D03601D77F5E6009712F2 /* BaiSiFunnyTests.m */ = {isa = PBXFileReference; lastKnownFileType = sourcecode.c.objc; path = BaiSiFunnyTests.m; sourceTree = "<group>"; };
		4D0D03621D77F5E6009712F2 /* Info.plist */ = {isa = PBXFileReference; lastKnownFileType = text.plist.xml; path = Info.plist; sourceTree = "<group>"; };
		4D0D03671D77F5E6009712F2 /* BaiSiFunnyUITests.xctest */ = {isa = PBXFileReference; explicitFileType = wrapper.cfbundle; includeInIndex = 0; path = BaiSiFunnyUITests.xctest; sourceTree = BUILT_PRODUCTS_DIR; };
		4D0D036B1D77F5E6009712F2 /* BaiSiFunnyUITests.m */ = {isa = PBXFileReference; lastKnownFileType = sourcecode.c.objc; path = BaiSiFunnyUITests.m; sourceTree = "<group>"; };
		4D0D036D1D77F5E6009712F2 /* Info.plist */ = {isa = PBXFileReference; lastKnownFileType = text.plist.xml; path = Info.plist; sourceTree = "<group>"; };
		4D0D03851D7811CC009712F2 /* LJMarcos.h */ = {isa = PBXFileReference; lastKnownFileType = sourcecode.c.h; path = LJMarcos.h; sourceTree = "<group>"; };
		4D0D039A1D78142C009712F2 /* LJEssenceViewController.h */ = {isa = PBXFileReference; fileEncoding = 4; lastKnownFileType = sourcecode.c.h; path = LJEssenceViewController.h; sourceTree = "<group>"; };
		4D0D039B1D78142C009712F2 /* LJEssenceViewController.m */ = {isa = PBXFileReference; fileEncoding = 4; lastKnownFileType = sourcecode.c.objc; path = LJEssenceViewController.m; sourceTree = "<group>"; };
		4D0D039D1D781450009712F2 /* LJFriendTrendsViewController.h */ = {isa = PBXFileReference; fileEncoding = 4; lastKnownFileType = sourcecode.c.h; path = LJFriendTrendsViewController.h; sourceTree = "<group>"; };
		4D0D039E1D781450009712F2 /* LJFriendTrendsViewController.m */ = {isa = PBXFileReference; fileEncoding = 4; lastKnownFileType = sourcecode.c.objc; path = LJFriendTrendsViewController.m; sourceTree = "<group>"; };
		4D0D03A01D781477009712F2 /* LJMeViewController.h */ = {isa = PBXFileReference; fileEncoding = 4; lastKnownFileType = sourcecode.c.h; path = LJMeViewController.h; sourceTree = "<group>"; };
		4D0D03A11D781477009712F2 /* LJMeViewController.m */ = {isa = PBXFileReference; fileEncoding = 4; lastKnownFileType = sourcecode.c.objc; path = LJMeViewController.m; sourceTree = "<group>"; };
		4D0D03A31D781487009712F2 /* LJNewViewController.h */ = {isa = PBXFileReference; fileEncoding = 4; lastKnownFileType = sourcecode.c.h; path = LJNewViewController.h; sourceTree = "<group>"; };
		4D0D03A41D781487009712F2 /* LJNewViewController.m */ = {isa = PBXFileReference; fileEncoding = 4; lastKnownFileType = sourcecode.c.objc; path = LJNewViewController.m; sourceTree = "<group>"; };
		4D0D03A81D781D59009712F2 /* LJMainTabBarController.h */ = {isa = PBXFileReference; fileEncoding = 4; lastKnownFileType = sourcecode.c.h; path = LJMainTabBarController.h; sourceTree = "<group>"; };
		4D0D03A91D781D59009712F2 /* LJMainTabBarController.m */ = {isa = PBXFileReference; fileEncoding = 4; lastKnownFileType = sourcecode.c.objc; path = LJMainTabBarController.m; sourceTree = "<group>"; };
		4D0D03AD1D781DC3009712F2 /* LJTabBar.h */ = {isa = PBXFileReference; fileEncoding = 4; lastKnownFileType = sourcecode.c.h; path = LJTabBar.h; sourceTree = "<group>"; };
		4D0D03AE1D781DC3009712F2 /* LJTabBar.m */ = {isa = PBXFileReference; fileEncoding = 4; lastKnownFileType = sourcecode.c.objc; path = LJTabBar.m; sourceTree = "<group>"; };
		4D0D03B41D782145009712F2 /* PrefixHeader.pch */ = {isa = PBXFileReference; lastKnownFileType = sourcecode.c.h; path = PrefixHeader.pch; sourceTree = "<group>"; };
		4D5055891D7D1FA0005CFEE1 /* LJNetworkTools.h */ = {isa = PBXFileReference; fileEncoding = 4; lastKnownFileType = sourcecode.c.h; path = LJNetworkTools.h; sourceTree = "<group>"; };
		4D50558A1D7D1FA0005CFEE1 /* LJNetworkTools.m */ = {isa = PBXFileReference; fileEncoding = 4; lastKnownFileType = sourcecode.c.objc; path = LJNetworkTools.m; sourceTree = "<group>"; };
		4D50558C1D7D4538005CFEE1 /* LJRecommendViewController.h */ = {isa = PBXFileReference; fileEncoding = 4; lastKnownFileType = sourcecode.c.h; path = LJRecommendViewController.h; sourceTree = "<group>"; };
		4D50558D1D7D4538005CFEE1 /* LJRecommendViewController.m */ = {isa = PBXFileReference; fileEncoding = 4; lastKnownFileType = sourcecode.c.objc; path = LJRecommendViewController.m; sourceTree = "<group>"; };
		4D50558F1D7D5029005CFEE1 /* LJRecommendCategory.h */ = {isa = PBXFileReference; fileEncoding = 4; lastKnownFileType = sourcecode.c.h; path = LJRecommendCategory.h; sourceTree = "<group>"; };
		4D5055901D7D5029005CFEE1 /* LJRecommendCategory.m */ = {isa = PBXFileReference; fileEncoding = 4; lastKnownFileType = sourcecode.c.objc; path = LJRecommendCategory.m; sourceTree = "<group>"; };
		4D5055921D7D5848005CFEE1 /* Foundation+Log.m */ = {isa = PBXFileReference; fileEncoding = 4; lastKnownFileType = sourcecode.c.objc; path = "Foundation+Log.m"; sourceTree = "<group>"; };
		4D5055951D7D598B005CFEE1 /* LJRecommendCategoryCell.h */ = {isa = PBXFileReference; fileEncoding = 4; lastKnownFileType = sourcecode.c.h; path = LJRecommendCategoryCell.h; sourceTree = "<group>"; };
		4D5055961D7D598B005CFEE1 /* LJRecommendCategoryCell.m */ = {isa = PBXFileReference; fileEncoding = 4; lastKnownFileType = sourcecode.c.objc; path = LJRecommendCategoryCell.m; sourceTree = "<group>"; };
		4D5055A11D7D7415005CFEE1 /* LJRecmmendUser.h */ = {isa = PBXFileReference; fileEncoding = 4; lastKnownFileType = sourcecode.c.h; path = LJRecmmendUser.h; sourceTree = "<group>"; };
		4D5055A21D7D7415005CFEE1 /* LJRecmmendUser.m */ = {isa = PBXFileReference; fileEncoding = 4; lastKnownFileType = sourcecode.c.objc; path = LJRecmmendUser.m; sourceTree = "<group>"; };
		4DC806241D7915EE006EB105 /* AppDelegate.h */ = {isa = PBXFileReference; fileEncoding = 4; lastKnownFileType = sourcecode.c.h; path = AppDelegate.h; sourceTree = "<group>"; };
		4DC806251D7915EE006EB105 /* AppDelegate.m */ = {isa = PBXFileReference; fileEncoding = 4; lastKnownFileType = sourcecode.c.objc; path = AppDelegate.m; sourceTree = "<group>"; };
		4DC806271D7915EE006EB105 /* UIBarButtonItem+Extends.h */ = {isa = PBXFileReference; fileEncoding = 4; lastKnownFileType = sourcecode.c.h; path = "UIBarButtonItem+Extends.h"; sourceTree = "<group>"; };
		4DC806281D7915EE006EB105 /* UIBarButtonItem+Extends.m */ = {isa = PBXFileReference; fileEncoding = 4; lastKnownFileType = sourcecode.c.objc; path = "UIBarButtonItem+Extends.m"; sourceTree = "<group>"; };
		4DC806291D7915EE006EB105 /* UIView+Extends.h */ = {isa = PBXFileReference; fileEncoding = 4; lastKnownFileType = sourcecode.c.h; path = "UIView+Extends.h"; sourceTree = "<group>"; };
		4DC8062A1D7915EE006EB105 /* UIView+Extends.m */ = {isa = PBXFileReference; fileEncoding = 4; lastKnownFileType = sourcecode.c.objc; path = "UIView+Extends.m"; sourceTree = "<group>"; };
		4DC8062E1D791F10006EB105 /* LJMainNavigationController.h */ = {isa = PBXFileReference; fileEncoding = 4; lastKnownFileType = sourcecode.c.h; path = LJMainNavigationController.h; sourceTree = "<group>"; };
		4DC8062F1D791F10006EB105 /* LJMainNavigationController.m */ = {isa = PBXFileReference; fileEncoding = 4; lastKnownFileType = sourcecode.c.objc; path = LJMainNavigationController.m; sourceTree = "<group>"; };
		4DC806311D792635006EB105 /* LJTestViewController.h */ = {isa = PBXFileReference; fileEncoding = 4; lastKnownFileType = sourcecode.c.h; path = LJTestViewController.h; sourceTree = "<group>"; };
		4DC806321D792635006EB105 /* LJTestViewController.m */ = {isa = PBXFileReference; fileEncoding = 4; lastKnownFileType = sourcecode.c.objc; path = LJTestViewController.m; sourceTree = "<group>"; };
		4DC806441D7978BE006EB105 /* LJNotLoginView.h */ = {isa = PBXFileReference; fileEncoding = 4; lastKnownFileType = sourcecode.c.h; path = LJNotLoginView.h; sourceTree = "<group>"; };
		4DC806451D7978BE006EB105 /* LJNotLoginView.m */ = {isa = PBXFileReference; fileEncoding = 4; lastKnownFileType = sourcecode.c.objc; path = LJNotLoginView.m; sourceTree = "<group>"; };
		57E0BC0DD9A53D688289A3C5 /* Pods-BaiSiFunny.debug.xcconfig */ = {isa = PBXFileReference; includeInIndex = 1; lastKnownFileType = text.xcconfig; name = "Pods-BaiSiFunny.debug.xcconfig"; path = "Pods/Target Support Files/Pods-BaiSiFunny/Pods-BaiSiFunny.debug.xcconfig"; sourceTree = "<group>"; };
		599042988B798DA6339DF54D /* Pods-BaiSiFunny.release.xcconfig */ = {isa = PBXFileReference; includeInIndex = 1; lastKnownFileType = text.xcconfig; name = "Pods-BaiSiFunny.release.xcconfig"; path = "Pods/Target Support Files/Pods-BaiSiFunny/Pods-BaiSiFunny.release.xcconfig"; sourceTree = "<group>"; };
/* End PBXFileReference section */

/* Begin PBXFrameworksBuildPhase section */
		4D0D03401D77F5E4009712F2 /* Frameworks */ = {
			isa = PBXFrameworksBuildPhase;
			buildActionMask = 2147483647;
			files = (
				5EBA8F5124D13B252DB24F12 /* libPods-BaiSiFunny.a in Frameworks */,
			);
			runOnlyForDeploymentPostprocessing = 0;
		};
		4D0D03591D77F5E6009712F2 /* Frameworks */ = {
			isa = PBXFrameworksBuildPhase;
			buildActionMask = 2147483647;
			files = (
			);
			runOnlyForDeploymentPostprocessing = 0;
		};
		4D0D03641D77F5E6009712F2 /* Frameworks */ = {
			isa = PBXFrameworksBuildPhase;
			buildActionMask = 2147483647;
			files = (
			);
			runOnlyForDeploymentPostprocessing = 0;
		};
/* End PBXFrameworksBuildPhase section */

/* Begin PBXGroup section */
		135B99B878C52834EA3ABB8A /* Pods */ = {
			isa = PBXGroup;
			children = (
				57E0BC0DD9A53D688289A3C5 /* Pods-BaiSiFunny.debug.xcconfig */,
				599042988B798DA6339DF54D /* Pods-BaiSiFunny.release.xcconfig */,
			);
			name = Pods;
			sourceTree = "<group>";
		};
		2805A0E5BE249D0D0A765133 /* Frameworks */ = {
			isa = PBXGroup;
			children = (
				3D8384D65F4BE57567020762 /* libPods-BaiSiFunny.a */,
			);
			name = Frameworks;
			sourceTree = "<group>";
		};
		4D0D033A1D77F5E4009712F2 = {
			isa = PBXGroup;
			children = (
				4D0D03451D77F5E4009712F2 /* BaiSiFunny */,
				4D0D035F1D77F5E6009712F2 /* BaiSiFunnyTests */,
				4D0D036A1D77F5E6009712F2 /* BaiSiFunnyUITests */,
				4D0D03441D77F5E4009712F2 /* Products */,
				135B99B878C52834EA3ABB8A /* Pods */,
				2805A0E5BE249D0D0A765133 /* Frameworks */,
			);
			sourceTree = "<group>";
		};
		4D0D03441D77F5E4009712F2 /* Products */ = {
			isa = PBXGroup;
			children = (
				4D0D03431D77F5E4009712F2 /* BaiSiFunny.app */,
				4D0D035C1D77F5E6009712F2 /* BaiSiFunnyTests.xctest */,
				4D0D03671D77F5E6009712F2 /* BaiSiFunnyUITests.xctest */,
			);
			name = Products;
			sourceTree = "<group>";
		};
		4D0D03451D77F5E4009712F2 /* BaiSiFunny */ = {
			isa = PBXGroup;
			children = (
				4D0D03791D77FF1B009712F2 /* Classes */,
				4D0D03521D77F5E4009712F2 /* Assets.xcassets */,
				4D0D03571D77F5E4009712F2 /* Info.plist */,
				4D0D03461D77F5E4009712F2 /* Supporting Files */,
			);
			path = BaiSiFunny;
			sourceTree = "<group>";
		};
		4D0D03461D77F5E4009712F2 /* Supporting Files */ = {
			isa = PBXGroup;
			children = (
				4D0D03471D77F5E4009712F2 /* main.m */,
			);
			name = "Supporting Files";
			sourceTree = "<group>";
		};
		4D0D035F1D77F5E6009712F2 /* BaiSiFunnyTests */ = {
			isa = PBXGroup;
			children = (
				4D0D03601D77F5E6009712F2 /* BaiSiFunnyTests.m */,
				4D0D03621D77F5E6009712F2 /* Info.plist */,
			);
			path = BaiSiFunnyTests;
			sourceTree = "<group>";
		};
		4D0D036A1D77F5E6009712F2 /* BaiSiFunnyUITests */ = {
			isa = PBXGroup;
			children = (
				4D0D036B1D77F5E6009712F2 /* BaiSiFunnyUITests.m */,
				4D0D036D1D77F5E6009712F2 /* Info.plist */,
			);
			path = BaiSiFunnyUITests;
			sourceTree = "<group>";
		};
		4D0D03791D77FF1B009712F2 /* Classes */ = {
			isa = PBXGroup;
			children = (
				4DC806231D7915EE006EB105 /* others */,
				4D0D038A1D7813C9009712F2 /* essence */,
				4D0D038E1D7813C9009712F2 /* friendTrends */,
				4D0D03921D7813C9009712F2 /* me */,
				4D0D03961D7813C9009712F2 /* new */,
				4D0D037A1D77FF50009712F2 /* main */,
			);
			path = Classes;
			sourceTree = "<group>";
		};
		4D0D037A1D77FF50009712F2 /* main */ = {
			isa = PBXGroup;
			children = (
				4D0D03A71D781D59009712F2 /* controllers */,
				4D0D03AA1D781D59009712F2 /* models */,
				4D0D03AB1D781D59009712F2 /* views */,
			);
			path = main;
			sourceTree = "<group>";
		};
		4D0D03841D78116E009712F2 /* tools */ = {
			isa = PBXGroup;
			children = (
				4D0D03851D7811CC009712F2 /* LJMarcos.h */,
				4D0D03B41D782145009712F2 /* PrefixHeader.pch */,
				4D5055891D7D1FA0005CFEE1 /* LJNetworkTools.h */,
				4D50558A1D7D1FA0005CFEE1 /* LJNetworkTools.m */,
			);
			path = tools;
			sourceTree = "<group>";
		};
		4D0D038A1D7813C9009712F2 /* essence */ = {
			isa = PBXGroup;
			children = (
				4D0D038B1D7813C9009712F2 /* controllers */,
				4D0D038C1D7813C9009712F2 /* models */,
				4D0D038D1D7813C9009712F2 /* views */,
			);
			path = essence;
			sourceTree = "<group>";
		};
		4D0D038B1D7813C9009712F2 /* controllers */ = {
			isa = PBXGroup;
			children = (
				4D0D039A1D78142C009712F2 /* LJEssenceViewController.h */,
				4D0D039B1D78142C009712F2 /* LJEssenceViewController.m */,
			);
			path = controllers;
			sourceTree = "<group>";
		};
		4D0D038C1D7813C9009712F2 /* models */ = {
			isa = PBXGroup;
			children = (
			);
			path = models;
			sourceTree = "<group>";
		};
		4D0D038D1D7813C9009712F2 /* views */ = {
			isa = PBXGroup;
			children = (
			);
			path = views;
			sourceTree = "<group>";
		};
		4D0D038E1D7813C9009712F2 /* friendTrends */ = {
			isa = PBXGroup;
			children = (
				4D0D038F1D7813C9009712F2 /* controllers */,
				4D0D03901D7813C9009712F2 /* models */,
				4D0D03911D7813C9009712F2 /* views */,
			);
			path = friendTrends;
			sourceTree = "<group>";
		};
		4D0D038F1D7813C9009712F2 /* controllers */ = {
			isa = PBXGroup;
			children = (
				4D0D039D1D781450009712F2 /* LJFriendTrendsViewController.h */,
				4D0D039E1D781450009712F2 /* LJFriendTrendsViewController.m */,
				4D50558C1D7D4538005CFEE1 /* LJRecommendViewController.h */,
				4D50558D1D7D4538005CFEE1 /* LJRecommendViewController.m */,
			);
			path = controllers;
			sourceTree = "<group>";
		};
		4D0D03901D7813C9009712F2 /* models */ = {
			isa = PBXGroup;
			children = (
				4D50558F1D7D5029005CFEE1 /* LJRecommendCategory.h */,
				4D5055901D7D5029005CFEE1 /* LJRecommendCategory.m */,
				4D5055A11D7D7415005CFEE1 /* LJRecmmendUser.h */,
				4D5055A21D7D7415005CFEE1 /* LJRecmmendUser.m */,
			);
			path = models;
			sourceTree = "<group>";
		};
		4D0D03911D7813C9009712F2 /* views */ = {
			isa = PBXGroup;
			children = (
				4D5055941D7D5908005CFEE1 /* recommend */,
				4DC806441D7978BE006EB105 /* LJNotLoginView.h */,
				4DC806451D7978BE006EB105 /* LJNotLoginView.m */,
			);
			path = views;
			sourceTree = "<group>";
		};
		4D0D03921D7813C9009712F2 /* me */ = {
			isa = PBXGroup;
			children = (
				4D0D03931D7813C9009712F2 /* controllers */,
				4D0D03941D7813C9009712F2 /* models */,
				4D0D03951D7813C9009712F2 /* views */,
			);
			path = me;
			sourceTree = "<group>";
		};
		4D0D03931D7813C9009712F2 /* controllers */ = {
			isa = PBXGroup;
			children = (
				4D0D03A01D781477009712F2 /* LJMeViewController.h */,
				4D0D03A11D781477009712F2 /* LJMeViewController.m */,
			);
			path = controllers;
			sourceTree = "<group>";
		};
		4D0D03941D7813C9009712F2 /* models */ = {
			isa = PBXGroup;
			children = (
			);
			path = models;
			sourceTree = "<group>";
		};
		4D0D03951D7813C9009712F2 /* views */ = {
			isa = PBXGroup;
			children = (
			);
			path = views;
			sourceTree = "<group>";
		};
		4D0D03961D7813C9009712F2 /* new */ = {
			isa = PBXGroup;
			children = (
				4D0D03971D7813C9009712F2 /* controllers */,
				4D0D03981D7813C9009712F2 /* models */,
				4D0D03991D7813C9009712F2 /* views */,
			);
			path = new;
			sourceTree = "<group>";
		};
		4D0D03971D7813C9009712F2 /* controllers */ = {
			isa = PBXGroup;
			children = (
				4D0D03A31D781487009712F2 /* LJNewViewController.h */,
				4D0D03A41D781487009712F2 /* LJNewViewController.m */,
			);
			path = controllers;
			sourceTree = "<group>";
		};
		4D0D03981D7813C9009712F2 /* models */ = {
			isa = PBXGroup;
			children = (
			);
			path = models;
			sourceTree = "<group>";
		};
		4D0D03991D7813C9009712F2 /* views */ = {
			isa = PBXGroup;
			children = (
			);
			path = views;
			sourceTree = "<group>";
		};
		4D0D03A71D781D59009712F2 /* controllers */ = {
			isa = PBXGroup;
			children = (
				4D0D03A81D781D59009712F2 /* LJMainTabBarController.h */,
				4D0D03A91D781D59009712F2 /* LJMainTabBarController.m */,
				4DC8062E1D791F10006EB105 /* LJMainNavigationController.h */,
				4DC8062F1D791F10006EB105 /* LJMainNavigationController.m */,
			);
			path = controllers;
			sourceTree = "<group>";
		};
		4D0D03AA1D781D59009712F2 /* models */ = {
			isa = PBXGroup;
			children = (
			);
			path = models;
			sourceTree = "<group>";
		};
		4D0D03AB1D781D59009712F2 /* views */ = {
			isa = PBXGroup;
			children = (
				4D0D03AD1D781DC3009712F2 /* LJTabBar.h */,
				4D0D03AE1D781DC3009712F2 /* LJTabBar.m */,
			);
			path = views;
			sourceTree = "<group>";
		};
		4D5055941D7D5908005CFEE1 /* recommend */ = {
			isa = PBXGroup;
			children = (
				4D5055951D7D598B005CFEE1 /* LJRecommendCategoryCell.h */,
				4D5055961D7D598B005CFEE1 /* LJRecommendCategoryCell.m */,
			);
			path = recommend;
			sourceTree = "<group>";
		};
		4DC806231D7915EE006EB105 /* others */ = {
			isa = PBXGroup;
			children = (
				4D0D03841D78116E009712F2 /* tools */,
				4DC806261D7915EE006EB105 /* category */,
				4DC806241D7915EE006EB105 /* AppDelegate.h */,
				4DC806251D7915EE006EB105 /* AppDelegate.m */,
				4DC806311D792635006EB105 /* LJTestViewController.h */,
				4DC806321D792635006EB105 /* LJTestViewController.m */,
				4D5055921D7D5848005CFEE1 /* Foundation+Log.m */,
			);
			path = others;
			sourceTree = "<group>";
		};
		4DC806261D7915EE006EB105 /* category */ = {
			isa = PBXGroup;
			children = (
				4DC806271D7915EE006EB105 /* UIBarButtonItem+Extends.h */,
				4DC806281D7915EE006EB105 /* UIBarButtonItem+Extends.m */,
				4DC806291D7915EE006EB105 /* UIView+Extends.h */,
				4DC8062A1D7915EE006EB105 /* UIView+Extends.m */,
			);
			path = category;
			sourceTree = "<group>";
		};
/* End PBXGroup section */

/* Begin PBXNativeTarget section */
		4D0D03421D77F5E4009712F2 /* BaiSiFunny */ = {
			isa = PBXNativeTarget;
			buildConfigurationList = 4D0D03701D77F5E6009712F2 /* Build configuration list for PBXNativeTarget "BaiSiFunny" */;
			buildPhases = (
				8F011A727D79C9911A6B34FD /* [CP] Check Pods Manifest.lock */,
				4D0D033F1D77F5E4009712F2 /* Sources */,
				4D0D03401D77F5E4009712F2 /* Frameworks */,
				4D0D03411D77F5E4009712F2 /* Resources */,
				F0F28640F5C534D81006AE3B /* [CP] Embed Pods Frameworks */,
				626D029A4B2619C9BD61CA38 /* [CP] Copy Pods Resources */,
			);
			buildRules = (
			);
			dependencies = (
			);
			name = BaiSiFunny;
			productName = BaiSiFunny;
			productReference = 4D0D03431D77F5E4009712F2 /* BaiSiFunny.app */;
			productType = "com.apple.product-type.application";
		};
		4D0D035B1D77F5E6009712F2 /* BaiSiFunnyTests */ = {
			isa = PBXNativeTarget;
			buildConfigurationList = 4D0D03731D77F5E6009712F2 /* Build configuration list for PBXNativeTarget "BaiSiFunnyTests" */;
			buildPhases = (
				4D0D03581D77F5E6009712F2 /* Sources */,
				4D0D03591D77F5E6009712F2 /* Frameworks */,
				4D0D035A1D77F5E6009712F2 /* Resources */,
			);
			buildRules = (
			);
			dependencies = (
				4D0D035E1D77F5E6009712F2 /* PBXTargetDependency */,
			);
			name = BaiSiFunnyTests;
			productName = BaiSiFunnyTests;
			productReference = 4D0D035C1D77F5E6009712F2 /* BaiSiFunnyTests.xctest */;
			productType = "com.apple.product-type.bundle.unit-test";
		};
		4D0D03661D77F5E6009712F2 /* BaiSiFunnyUITests */ = {
			isa = PBXNativeTarget;
			buildConfigurationList = 4D0D03761D77F5E6009712F2 /* Build configuration list for PBXNativeTarget "BaiSiFunnyUITests" */;
			buildPhases = (
				4D0D03631D77F5E6009712F2 /* Sources */,
				4D0D03641D77F5E6009712F2 /* Frameworks */,
				4D0D03651D77F5E6009712F2 /* Resources */,
			);
			buildRules = (
			);
			dependencies = (
				4D0D03691D77F5E6009712F2 /* PBXTargetDependency */,
			);
			name = BaiSiFunnyUITests;
			productName = BaiSiFunnyUITests;
			productReference = 4D0D03671D77F5E6009712F2 /* BaiSiFunnyUITests.xctest */;
			productType = "com.apple.product-type.bundle.ui-testing";
		};
/* End PBXNativeTarget section */

/* Begin PBXProject section */
		4D0D033B1D77F5E4009712F2 /* Project object */ = {
			isa = PBXProject;
			attributes = {
				CLASSPREFIX = LJ;
				LastUpgradeCheck = 0720;
				ORGANIZATIONNAME = raymond;
				TargetAttributes = {
					4D0D03421D77F5E4009712F2 = {
						CreatedOnToolsVersion = 7.2.1;
					};
					4D0D035B1D77F5E6009712F2 = {
						CreatedOnToolsVersion = 7.2.1;
						TestTargetID = 4D0D03421D77F5E4009712F2;
					};
					4D0D03661D77F5E6009712F2 = {
						CreatedOnToolsVersion = 7.2.1;
						TestTargetID = 4D0D03421D77F5E4009712F2;
					};
				};
			};
			buildConfigurationList = 4D0D033E1D77F5E4009712F2 /* Build configuration list for PBXProject "BaiSiFunny" */;
			compatibilityVersion = "Xcode 3.2";
			developmentRegion = English;
			hasScannedForEncodings = 0;
			knownRegions = (
				en,
				Base,
			);
			mainGroup = 4D0D033A1D77F5E4009712F2;
			productRefGroup = 4D0D03441D77F5E4009712F2 /* Products */;
			projectDirPath = "";
			projectRoot = "";
			targets = (
				4D0D03421D77F5E4009712F2 /* BaiSiFunny */,
				4D0D035B1D77F5E6009712F2 /* BaiSiFunnyTests */,
				4D0D03661D77F5E6009712F2 /* BaiSiFunnyUITests */,
			);
		};
/* End PBXProject section */

/* Begin PBXResourcesBuildPhase section */
		4D0D03411D77F5E4009712F2 /* Resources */ = {
			isa = PBXResourcesBuildPhase;
			buildActionMask = 2147483647;
			files = (
				4D0D03531D77F5E4009712F2 /* Assets.xcassets in Resources */,
			);
			runOnlyForDeploymentPostprocessing = 0;
		};
		4D0D035A1D77F5E6009712F2 /* Resources */ = {
			isa = PBXResourcesBuildPhase;
			buildActionMask = 2147483647;
			files = (
			);
			runOnlyForDeploymentPostprocessing = 0;
		};
		4D0D03651D77F5E6009712F2 /* Resources */ = {
			isa = PBXResourcesBuildPhase;
			buildActionMask = 2147483647;
			files = (
			);
			runOnlyForDeploymentPostprocessing = 0;
		};
/* End PBXResourcesBuildPhase section */

/* Begin PBXShellScriptBuildPhase section */
		626D029A4B2619C9BD61CA38 /* [CP] Copy Pods Resources */ = {
			isa = PBXShellScriptBuildPhase;
			buildActionMask = 2147483647;
			files = (
			);
			inputPaths = (
			);
			name = "[CP] Copy Pods Resources";
			outputPaths = (
			);
			runOnlyForDeploymentPostprocessing = 0;
			shellPath = /bin/sh;
			shellScript = "\"${SRCROOT}/Pods/Target Support Files/Pods-BaiSiFunny/Pods-BaiSiFunny-resources.sh\"\n";
			showEnvVarsInLog = 0;
		};
		8F011A727D79C9911A6B34FD /* [CP] Check Pods Manifest.lock */ = {
			isa = PBXShellScriptBuildPhase;
			buildActionMask = 2147483647;
			files = (
			);
			inputPaths = (
			);
			name = "[CP] Check Pods Manifest.lock";
			outputPaths = (
			);
			runOnlyForDeploymentPostprocessing = 0;
			shellPath = /bin/sh;
			shellScript = "diff \"${PODS_ROOT}/../Podfile.lock\" \"${PODS_ROOT}/Manifest.lock\" > /dev/null\nif [ $? != 0 ] ; then\n    # print error to STDERR\n    echo \"error: The sandbox is not in sync with the Podfile.lock. Run 'pod install' or update your CocoaPods installation.\" >&2\n    exit 1\nfi\n";
			showEnvVarsInLog = 0;
		};
		F0F28640F5C534D81006AE3B /* [CP] Embed Pods Frameworks */ = {
			isa = PBXShellScriptBuildPhase;
			buildActionMask = 2147483647;
			files = (
			);
			inputPaths = (
			);
			name = "[CP] Embed Pods Frameworks";
			outputPaths = (
			);
			runOnlyForDeploymentPostprocessing = 0;
			shellPath = /bin/sh;
			shellScript = "\"${SRCROOT}/Pods/Target Support Files/Pods-BaiSiFunny/Pods-BaiSiFunny-frameworks.sh\"\n";
			showEnvVarsInLog = 0;
		};
/* End PBXShellScriptBuildPhase section */

/* Begin PBXSourcesBuildPhase section */
		4D0D033F1D77F5E4009712F2 /* Sources */ = {
			isa = PBXSourcesBuildPhase;
			buildActionMask = 2147483647;
			files = (
				4DC8062D1D7915EE006EB105 /* UIView+Extends.m in Sources */,
				4D0D03A21D781477009712F2 /* LJMeViewController.m in Sources */,
				4D50558B1D7D1FA0005CFEE1 /* LJNetworkTools.m in Sources */,
				4D0D03481D77F5E4009712F2 /* main.m in Sources */,
				4D0D039F1D781450009712F2 /* LJFriendTrendsViewController.m in Sources */,
				4D50558E1D7D4538005CFEE1 /* LJRecommendViewController.m in Sources */,
				4D5055931D7D5848005CFEE1 /* Foundation+Log.m in Sources */,
				4D5055A31D7D7415005CFEE1 /* LJRecmmendUser.m in Sources */,
				4DC8062C1D7915EE006EB105 /* UIBarButtonItem+Extends.m in Sources */,
				4D5055971D7D598B005CFEE1 /* LJRecommendCategoryCell.m in Sources */,
				4DC806301D791F10006EB105 /* LJMainNavigationController.m in Sources */,
				4D0D03AC1D781D59009712F2 /* LJMainTabBarController.m in Sources */,
				4DC8062B1D7915EE006EB105 /* AppDelegate.m in Sources */,
				4D0D039C1D78142C009712F2 /* LJEssenceViewController.m in Sources */,
				4D0D03A51D781487009712F2 /* LJNewViewController.m in Sources */,
				4DC806461D7978BE006EB105 /* LJNotLoginView.m in Sources */,
				4DC806331D792635006EB105 /* LJTestViewController.m in Sources */,
				4D5055911D7D5029005CFEE1 /* LJRecommendCategory.m in Sources */,
				4D0D03AF1D781DC3009712F2 /* LJTabBar.m in Sources */,
			);
			runOnlyForDeploymentPostprocessing = 0;
		};
		4D0D03581D77F5E6009712F2 /* Sources */ = {
			isa = PBXSourcesBuildPhase;
			buildActionMask = 2147483647;
			files = (
				4D0D03611D77F5E6009712F2 /* BaiSiFunnyTests.m in Sources */,
			);
			runOnlyForDeploymentPostprocessing = 0;
		};
		4D0D03631D77F5E6009712F2 /* Sources */ = {
			isa = PBXSourcesBuildPhase;
			buildActionMask = 2147483647;
			files = (
				4D0D036C1D77F5E6009712F2 /* BaiSiFunnyUITests.m in Sources */,
			);
			runOnlyForDeploymentPostprocessing = 0;
		};
/* End PBXSourcesBuildPhase section */

/* Begin PBXTargetDependency section */
		4D0D035E1D77F5E6009712F2 /* PBXTargetDependency */ = {
			isa = PBXTargetDependency;
			target = 4D0D03421D77F5E4009712F2 /* BaiSiFunny */;
			targetProxy = 4D0D035D1D77F5E6009712F2 /* PBXContainerItemProxy */;
		};
		4D0D03691D77F5E6009712F2 /* PBXTargetDependency */ = {
			isa = PBXTargetDependency;
			target = 4D0D03421D77F5E4009712F2 /* BaiSiFunny */;
			targetProxy = 4D0D03681D77F5E6009712F2 /* PBXContainerItemProxy */;
		};
/* End PBXTargetDependency section */

/* Begin XCBuildConfiguration section */
		4D0D036E1D77F5E6009712F2 /* Debug */ = {
			isa = XCBuildConfiguration;
			buildSettings = {
				ALWAYS_SEARCH_USER_PATHS = NO;
				CLANG_CXX_LANGUAGE_STANDARD = "gnu++0x";
				CLANG_CXX_LIBRARY = "libc++";
				CLANG_ENABLE_MODULES = YES;
				CLANG_ENABLE_OBJC_ARC = YES;
				CLANG_WARN_BOOL_CONVERSION = YES;
				CLANG_WARN_CONSTANT_CONVERSION = YES;
				CLANG_WARN_DIRECT_OBJC_ISA_USAGE = YES_ERROR;
				CLANG_WARN_EMPTY_BODY = YES;
				CLANG_WARN_ENUM_CONVERSION = YES;
				CLANG_WARN_INT_CONVERSION = YES;
				CLANG_WARN_OBJC_ROOT_CLASS = YES_ERROR;
				CLANG_WARN_UNREACHABLE_CODE = YES;
				CLANG_WARN__DUPLICATE_METHOD_MATCH = YES;
				"CODE_SIGN_IDENTITY[sdk=iphoneos*]" = "iPhone Developer";
				COPY_PHASE_STRIP = NO;
				DEBUG_INFORMATION_FORMAT = dwarf;
				ENABLE_STRICT_OBJC_MSGSEND = YES;
				ENABLE_TESTABILITY = YES;
				GCC_C_LANGUAGE_STANDARD = gnu99;
				GCC_DYNAMIC_NO_PIC = NO;
				GCC_NO_COMMON_BLOCKS = YES;
				GCC_OPTIMIZATION_LEVEL = 0;
				GCC_PREPROCESSOR_DEFINITIONS = (
					"DEBUG=1",
					"$(inherited)",
				);
				GCC_WARN_64_TO_32_BIT_CONVERSION = YES;
				GCC_WARN_ABOUT_RETURN_TYPE = YES_ERROR;
				GCC_WARN_UNDECLARED_SELECTOR = YES;
				GCC_WARN_UNINITIALIZED_AUTOS = YES_AGGRESSIVE;
				GCC_WARN_UNUSED_FUNCTION = YES;
				GCC_WARN_UNUSED_VARIABLE = YES;
				IPHONEOS_DEPLOYMENT_TARGET = 9.2;
				MTL_ENABLE_DEBUG_INFO = YES;
				ONLY_ACTIVE_ARCH = YES;
				SDKROOT = iphoneos;
			};
			name = Debug;
		};
		4D0D036F1D77F5E6009712F2 /* Release */ = {
			isa = XCBuildConfiguration;
			buildSettings = {
				ALWAYS_SEARCH_USER_PATHS = NO;
				CLANG_CXX_LANGUAGE_STANDARD = "gnu++0x";
				CLANG_CXX_LIBRARY = "libc++";
				CLANG_ENABLE_MODULES = YES;
				CLANG_ENABLE_OBJC_ARC = YES;
				CLANG_WARN_BOOL_CONVERSION = YES;
				CLANG_WARN_CONSTANT_CONVERSION = YES;
				CLANG_WARN_DIRECT_OBJC_ISA_USAGE = YES_ERROR;
				CLANG_WARN_EMPTY_BODY = YES;
				CLANG_WARN_ENUM_CONVERSION = YES;
				CLANG_WARN_INT_CONVERSION = YES;
				CLANG_WARN_OBJC_ROOT_CLASS = YES_ERROR;
				CLANG_WARN_UNREACHABLE_CODE = YES;
				CLANG_WARN__DUPLICATE_METHOD_MATCH = YES;
				"CODE_SIGN_IDENTITY[sdk=iphoneos*]" = "iPhone Developer";
				COPY_PHASE_STRIP = NO;
				DEBUG_INFORMATION_FORMAT = "dwarf-with-dsym";
				ENABLE_NS_ASSERTIONS = NO;
				ENABLE_STRICT_OBJC_MSGSEND = YES;
				GCC_C_LANGUAGE_STANDARD = gnu99;
				GCC_NO_COMMON_BLOCKS = YES;
				GCC_WARN_64_TO_32_BIT_CONVERSION = YES;
				GCC_WARN_ABOUT_RETURN_TYPE = YES_ERROR;
				GCC_WARN_UNDECLARED_SELECTOR = YES;
				GCC_WARN_UNINITIALIZED_AUTOS = YES_AGGRESSIVE;
				GCC_WARN_UNUSED_FUNCTION = YES;
				GCC_WARN_UNUSED_VARIABLE = YES;
				IPHONEOS_DEPLOYMENT_TARGET = 9.2;
				MTL_ENABLE_DEBUG_INFO = NO;
				SDKROOT = iphoneos;
				VALIDATE_PRODUCT = YES;
			};
			name = Release;
		};
		4D0D03711D77F5E6009712F2 /* Debug */ = {
			isa = XCBuildConfiguration;
			baseConfigurationReference = 57E0BC0DD9A53D688289A3C5 /* Pods-BaiSiFunny.debug.xcconfig */;
			buildSettings = {
				ASSETCATALOG_COMPILER_APPICON_NAME = AppIcon;
				ASSETCATALOG_COMPILER_LAUNCHIMAGE_NAME = "Brand Assets";
				GCC_PREFIX_HEADER = "$(SRCROOT)/BaiSiFunny/Classes/others/tools/PrefixHeader.pch";
				INFOPLIST_FILE = BaiSiFunny/Info.plist;
				IPHONEOS_DEPLOYMENT_TARGET = 8.0;
				LD_RUNPATH_SEARCH_PATHS = "$(inherited) @executable_path/Frameworks";
				PRODUCT_BUNDLE_IDENTIFIER = cn.jx.BaiSiFunny;
				PRODUCT_NAME = "$(TARGET_NAME)";
			};
			name = Debug;
		};
		4D0D03721D77F5E6009712F2 /* Release */ = {
			isa = XCBuildConfiguration;
			baseConfigurationReference = 599042988B798DA6339DF54D /* Pods-BaiSiFunny.release.xcconfig */;
			buildSettings = {
				ASSETCATALOG_COMPILER_APPICON_NAME = AppIcon;
				ASSETCATALOG_COMPILER_LAUNCHIMAGE_NAME = "Brand Assets";
				GCC_PREFIX_HEADER = "$(SRCROOT)/BaiSiFunny/Classes/others/tools/PrefixHeader.pch";
				INFOPLIST_FILE = BaiSiFunny/Info.plist;
				IPHONEOS_DEPLOYMENT_TARGET = 8.0;
				LD_RUNPATH_SEARCH_PATHS = "$(inherited) @executable_path/Frameworks";
				PRODUCT_BUNDLE_IDENTIFIER = cn.jx.BaiSiFunny;
				PRODUCT_NAME = "$(TARGET_NAME)";
			};
			name = Release;
		};
		4D0D03741D77F5E6009712F2 /* Debug */ = {
			isa = XCBuildConfiguration;
			buildSettings = {
				BUNDLE_LOADER = "$(TEST_HOST)";
				INFOPLIST_FILE = BaiSiFunnyTests/Info.plist;
				LD_RUNPATH_SEARCH_PATHS = "$(inherited) @executable_path/Frameworks @loader_path/Frameworks";
				PRODUCT_BUNDLE_IDENTIFIER = cn.jx.BaiSiFunnyTests;
				PRODUCT_NAME = "$(TARGET_NAME)";
				TEST_HOST = "$(BUILT_PRODUCTS_DIR)/BaiSiFunny.app/BaiSiFunny";
			};
			name = Debug;
		};
		4D0D03751D77F5E6009712F2 /* Release */ = {
			isa = XCBuildConfiguration;
			buildSettings = {
				BUNDLE_LOADER = "$(TEST_HOST)";
				INFOPLIST_FILE = BaiSiFunnyTests/Info.plist;
				LD_RUNPATH_SEARCH_PATHS = "$(inherited) @executable_path/Frameworks @loader_path/Frameworks";
				PRODUCT_BUNDLE_IDENTIFIER = cn.jx.BaiSiFunnyTests;
				PRODUCT_NAME = "$(TARGET_NAME)";
				TEST_HOST = "$(BUILT_PRODUCTS_DIR)/BaiSiFunny.app/BaiSiFunny";
			};
			name = Release;
		};
		4D0D03771D77F5E6009712F2 /* Debug */ = {
			isa = XCBuildConfiguration;
			buildSettings = {
				INFOPLIST_FILE = BaiSiFunnyUITests/Info.plist;
				LD_RUNPATH_SEARCH_PATHS = "$(inherited) @executable_path/Frameworks @loader_path/Frameworks";
				PRODUCT_BUNDLE_IDENTIFIER = cn.jx.BaiSiFunnyUITests;
				PRODUCT_NAME = "$(TARGET_NAME)";
				TEST_TARGET_NAME = BaiSiFunny;
				USES_XCTRUNNER = YES;
			};
			name = Debug;
		};
		4D0D03781D77F5E6009712F2 /* Release */ = {
			isa = XCBuildConfiguration;
			buildSettings = {
				INFOPLIST_FILE = BaiSiFunnyUITests/Info.plist;
				LD_RUNPATH_SEARCH_PATHS = "$(inherited) @executable_path/Frameworks @loader_path/Frameworks";
				PRODUCT_BUNDLE_IDENTIFIER = cn.jx.BaiSiFunnyUITests;
				PRODUCT_NAME = "$(TARGET_NAME)";
				TEST_TARGET_NAME = BaiSiFunny;
				USES_XCTRUNNER = YES;
			};
			name = Release;
		};
/* End XCBuildConfiguration section */

/* Begin XCConfigurationList section */
		4D0D033E1D77F5E4009712F2 /* Build configuration list for PBXProject "BaiSiFunny" */ = {
			isa = XCConfigurationList;
			buildConfigurations = (
				4D0D036E1D77F5E6009712F2 /* Debug */,
				4D0D036F1D77F5E6009712F2 /* Release */,
			);
			defaultConfigurationIsVisible = 0;
			defaultConfigurationName = Release;
		};
		4D0D03701D77F5E6009712F2 /* Build configuration list for PBXNativeTarget "BaiSiFunny" */ = {
			isa = XCConfigurationList;
			buildConfigurations = (
				4D0D03711D77F5E6009712F2 /* Debug */,
				4D0D03721D77F5E6009712F2 /* Release */,
			);
			defaultConfigurationIsVisible = 0;
			defaultConfigurationName = Release;
		};
		4D0D03731D77F5E6009712F2 /* Build configuration list for PBXNativeTarget "BaiSiFunnyTests" */ = {
			isa = XCConfigurationList;
			buildConfigurations = (
				4D0D03741D77F5E6009712F2 /* Debug */,
				4D0D03751D77F5E6009712F2 /* Release */,
			);
			defaultConfigurationIsVisible = 0;
			defaultConfigurationName = Release;
		};
		4D0D03761D77F5E6009712F2 /* Build configuration list for PBXNativeTarget "BaiSiFunnyUITests" */ = {
			isa = XCConfigurationList;
			buildConfigurations = (
				4D0D03771D77F5E6009712F2 /* Debug */,
				4D0D03781D77F5E6009712F2 /* Release */,
			);
			defaultConfigurationIsVisible = 0;
			defaultConfigurationName = Release;
		};
/* End XCConfigurationList section */
	};
	rootObject = 4D0D033B1D77F5E4009712F2 /* Project object */;
}
